
Microsoft Visual Studio Solution File, Format Version 12.00
# Visual Studio Version 17
VisualStudioVersion = 17.3.32901.215
MinimumVisualStudioVersion = 10.0.40219.1
Project("{FAE04EC0-301F-11D3-BF4B-00C04F79EFBC}") = "HighSchoolManagementSystem", "HighSchoolManagementSystem\HighSchoolManagementSystem.csproj", "{173A0E72-4C65-4ADB-943A-D75DDAE85855}"
EndProject
Global
	GlobalSection(SolutionConfigurationPlatforms) = preSolution
		Debug|Any CPU = Debug|Any CPU
		Release|Any CPU = Release|Any CPU
	EndGlobalSection
	GlobalSection(ProjectConfigurationPlatforms) = postSolution
		{173A0E72-4C65-4ADB-943A-D75DDAE85855}.Debug|Any CPU.ActiveCfg = Debug|Any CPU
		{173A0E72-4C65-4ADB-943A-D75DDAE85855}.Debug|Any CPU.Build.0 = Debug|Any CPU
		{173A0E72-4C65-4ADB-943A-D75DDAE85855}.Release|Any CPU.ActiveCfg = Release|Any CPU
		{173A0E72-4C65-4ADB-943A-D75DDAE85855}.Release|Any CPU.Build.0 = Release|Any CPU
	EndGlobalSection
	GlobalSection(SolutionProperties) = preSolution
		HideSolutionNode = FALSE
	EndGlobalSection
	GlobalSection(ExtensibilityGlobals) = postSolution
		SolutionGuid = {1CE2420D-003A-4AA2-B80F-9C1CBEA69A3D}
	EndGlobalSection
EndGlobal
